
Microsoft Visual Studio Solution File, Format Version 12.00
# Visual Studio Version 16
VisualStudioVersion = 16.0.31702.278
MinimumVisualStudioVersion = 10.0.40219.1
Project("{FAE04EC0-301F-11D3-BF4B-00C04F79EFBC}") = "NbgCrmCore", "NbgCrmCore\NbgCrmCore.csproj", "{259B4275-13A6-46F3-9496-933E479B8BBC}"
EndProject
Global
	GlobalSection(SolutionConfigurationPlatforms) = preSolution
		Debug|Any CPU = Debug|Any CPU
		Release|Any CPU = Release|Any CPU
	EndGlobalSection
	GlobalSection(ProjectConfigurationPlatforms) = postSolution
		{259B4275-13A6-46F3-9496-933E479B8BBC}.Debug|Any CPU.ActiveCfg = Debug|Any CPU
		{259B4275-13A6-46F3-9496-933E479B8BBC}.Debug|Any CPU.Build.0 = Debug|Any CPU
		{259B4275-13A6-46F3-9496-933E479B8BBC}.Release|Any CPU.ActiveCfg = Release|Any CPU
		{259B4275-13A6-46F3-9496-933E479B8BBC}.Release|Any CPU.Build.0 = Release|Any CPU
	EndGlobalSection
	GlobalSection(SolutionProperties) = preSolution
		HideSolutionNode = FALSE
	EndGlobalSection
	GlobalSection(ExtensibilityGlobals) = postSolution
		SolutionGuid = {0D558960-BCFF-47B3-BB16-022DBC275047}
	EndGlobalSection
EndGlobal
