
Microsoft Visual Studio Solution File, Format Version 12.00
# Visual Studio Version 16
VisualStudioVersion = 16.0.31702.278
MinimumVisualStudioVersion = 10.0.40219.1
Project("{9A19103F-16F7-4668-BE54-9A1E7A4F7556}") = "NbgCrmCore", "NbgCrmCore\NbgCrmCore.csproj", "{259B4275-13A6-46F3-9496-933E479B8BBC}"
EndProject
Project("{9A19103F-16F7-4668-BE54-9A1E7A4F7556}") = "NbgApi", "NbgApi\NbgApi.csproj", "{35924E1F-4695-44FA-A0A8-9E1C4E3BBA77}"
EndProject
Project("{FAE04EC0-301F-11D3-BF4B-00C04F79EFBC}") = "NbgMvc", "NbgMvc\NbgMvc.csproj", "{04A13219-D711-4199-8831-5D54C8E5AD71}"
EndProject
Global
	GlobalSection(SolutionConfigurationPlatforms) = preSolution
		Debug|Any CPU = Debug|Any CPU
		Release|Any CPU = Release|Any CPU
	EndGlobalSection
	GlobalSection(ProjectConfigurationPlatforms) = postSolution
		{259B4275-13A6-46F3-9496-933E479B8BBC}.Debug|Any CPU.ActiveCfg = Debug|Any CPU
		{259B4275-13A6-46F3-9496-933E479B8BBC}.Debug|Any CPU.Build.0 = Debug|Any CPU
		{259B4275-13A6-46F3-9496-933E479B8BBC}.Release|Any CPU.ActiveCfg = Release|Any CPU
		{259B4275-13A6-46F3-9496-933E479B8BBC}.Release|Any CPU.Build.0 = Release|Any CPU
		{35924E1F-4695-44FA-A0A8-9E1C4E3BBA77}.Debug|Any CPU.ActiveCfg = Debug|Any CPU
		{35924E1F-4695-44FA-A0A8-9E1C4E3BBA77}.Debug|Any CPU.Build.0 = Debug|Any CPU
		{35924E1F-4695-44FA-A0A8-9E1C4E3BBA77}.Release|Any CPU.ActiveCfg = Release|Any CPU
		{35924E1F-4695-44FA-A0A8-9E1C4E3BBA77}.Release|Any CPU.Build.0 = Release|Any CPU
		{04A13219-D711-4199-8831-5D54C8E5AD71}.Debug|Any CPU.ActiveCfg = Debug|Any CPU
		{04A13219-D711-4199-8831-5D54C8E5AD71}.Debug|Any CPU.Build.0 = Debug|Any CPU
		{04A13219-D711-4199-8831-5D54C8E5AD71}.Release|Any CPU.ActiveCfg = Release|Any CPU
		{04A13219-D711-4199-8831-5D54C8E5AD71}.Release|Any CPU.Build.0 = Release|Any CPU
	EndGlobalSection
	GlobalSection(SolutionProperties) = preSolution
		HideSolutionNode = FALSE
	EndGlobalSection
	GlobalSection(ExtensibilityGlobals) = postSolution
		SolutionGuid = {0D558960-BCFF-47B3-BB16-022DBC275047}
	EndGlobalSection
EndGlobal
